
Microsoft Visual Studio Solution File, Format Version 12.00
# Visual Studio Version 17
VisualStudioVersion = 17.1.32319.34
MinimumVisualStudioVersion = 10.0.40219.1
Project("{9A19103F-16F7-4668-BE54-9A1E7A4F7556}") = "WreckMyHouse.UI", "WreckMyHouse.UI\WreckMyHouse.UI.csproj", "{1ED2F378-818D-4126-B733-080FCD336A2C}"
EndProject
Project("{9A19103F-16F7-4668-BE54-9A1E7A4F7556}") = "WreckMyHouse.BLL", "WreckMyHouse.BLL\WreckMyHouse.BLL.csproj", "{2C116DF9-3F8E-4CDC-952F-6AA77B741978}"
EndProject
Project("{9A19103F-16F7-4668-BE54-9A1E7A4F7556}") = "WreckMyHouse.DAL", "WreckMyHouse.DAL\WreckMyHouse.DAL.csproj", "{A365538D-6F40-4687-A881-BBB14DE540C6}"
EndProject
Project("{9A19103F-16F7-4668-BE54-9A1E7A4F7556}") = "WreckMyHouse.Core", "WreckMyHouse.Core\WreckMyHouse.Core.csproj", "{7821CA26-A132-4FF7-9925-F1F12612A01B}"
EndProject
Project("{FAE04EC0-301F-11D3-BF4B-00C04F79EFBC}") = "WreckMyHouse.Test", "WreckMyHouse.Test\WreckMyHouse.Test.csproj", "{728DCEBB-EC44-4339-B217-1BC04D485FD6}"
EndProject
Global
	GlobalSection(SolutionConfigurationPlatforms) = preSolution
		Debug|Any CPU = Debug|Any CPU
		Release|Any CPU = Release|Any CPU
	EndGlobalSection
	GlobalSection(ProjectConfigurationPlatforms) = postSolution
		{1ED2F378-818D-4126-B733-080FCD336A2C}.Debug|Any CPU.ActiveCfg = Debug|Any CPU
		{1ED2F378-818D-4126-B733-080FCD336A2C}.Debug|Any CPU.Build.0 = Debug|Any CPU
		{1ED2F378-818D-4126-B733-080FCD336A2C}.Release|Any CPU.ActiveCfg = Release|Any CPU
		{1ED2F378-818D-4126-B733-080FCD336A2C}.Release|Any CPU.Build.0 = Release|Any CPU
		{2C116DF9-3F8E-4CDC-952F-6AA77B741978}.Debug|Any CPU.ActiveCfg = Debug|Any CPU
		{2C116DF9-3F8E-4CDC-952F-6AA77B741978}.Debug|Any CPU.Build.0 = Debug|Any CPU
		{2C116DF9-3F8E-4CDC-952F-6AA77B741978}.Release|Any CPU.ActiveCfg = Release|Any CPU
		{2C116DF9-3F8E-4CDC-952F-6AA77B741978}.Release|Any CPU.Build.0 = Release|Any CPU
		{A365538D-6F40-4687-A881-BBB14DE540C6}.Debug|Any CPU.ActiveCfg = Debug|Any CPU
		{A365538D-6F40-4687-A881-BBB14DE540C6}.Debug|Any CPU.Build.0 = Debug|Any CPU
		{A365538D-6F40-4687-A881-BBB14DE540C6}.Release|Any CPU.ActiveCfg = Release|Any CPU
		{A365538D-6F40-4687-A881-BBB14DE540C6}.Release|Any CPU.Build.0 = Release|Any CPU
		{7821CA26-A132-4FF7-9925-F1F12612A01B}.Debug|Any CPU.ActiveCfg = Debug|Any CPU
		{7821CA26-A132-4FF7-9925-F1F12612A01B}.Debug|Any CPU.Build.0 = Debug|Any CPU
		{7821CA26-A132-4FF7-9925-F1F12612A01B}.Release|Any CPU.ActiveCfg = Release|Any CPU
		{7821CA26-A132-4FF7-9925-F1F12612A01B}.Release|Any CPU.Build.0 = Release|Any CPU
		{728DCEBB-EC44-4339-B217-1BC04D485FD6}.Debug|Any CPU.ActiveCfg = Debug|Any CPU
		{728DCEBB-EC44-4339-B217-1BC04D485FD6}.Debug|Any CPU.Build.0 = Debug|Any CPU
		{728DCEBB-EC44-4339-B217-1BC04D485FD6}.Release|Any CPU.ActiveCfg = Release|Any CPU
		{728DCEBB-EC44-4339-B217-1BC04D485FD6}.Release|Any CPU.Build.0 = Release|Any CPU
	EndGlobalSection
	GlobalSection(SolutionProperties) = preSolution
		HideSolutionNode = FALSE
	EndGlobalSection
	GlobalSection(ExtensibilityGlobals) = postSolution
		SolutionGuid = {0FF8000E-EFF1-417B-9377-BFCFFA3CFCEF}
	EndGlobalSection
EndGlobal
